Microsoft Visual Studio Solution File, Format Version 12.00
# Visual Studio Version 17
VisualStudioVersion = 17.5.2.0
MinimumVisualStudioVersion = 10.0.40219.1
Project("{FAE04EC0-301F-11D3-BF4B-00C04F79EFBC}") = "ApiONGAdocao", "ApiONGAdocao.csproj", "{21BA663D-3781-C4CC-DD7A-3EBF247BC121}"
EndProject
Global
	GlobalSection(SolutionConfigurationPlatforms) = preSolution
		Debug|Any CPU = Debug|Any CPU
		Release|Any CPU = Release|Any CPU
	EndGlobalSection
	GlobalSection(ProjectConfigurationPlatforms) = postSolution
		{21BA663D-3781-C4CC-DD7A-3EBF247BC121}.Debug|Any CPU.ActiveCfg = Debug|Any CPU
		{21BA663D-3781-C4CC-DD7A-3EBF247BC121}.Debug|Any CPU.Build.0 = Debug|Any CPU
		{21BA663D-3781-C4CC-DD7A-3EBF247BC121}.Release|Any CPU.ActiveCfg = Release|Any CPU
		{21BA663D-3781-C4CC-DD7A-3EBF247BC121}.Release|Any CPU.Build.0 = Release|Any CPU
	EndGlobalSection
	GlobalSection(SolutionProperties) = preSolution
		HideSolutionNode = FALSE
	EndGlobalSection
	GlobalSection(ExtensibilityGlobals) = postSolution
		SolutionGuid = {35FF6105-AC7E-4B02-83F2-08480CF4561E}
	EndGlobalSection
EndGlobal
